// !$*UTF8*$!
{
	archiveVersion = 1;
	classes = {
	};
	objectVersion = 46;
	objects = {

/* Begin PBXBuildFile section */
		3084C79AAA836D89379AF9DE /* Pods_planDog_2.framework in Frameworks */ = {isa = PBXBuildFile; fileRef = 43AACCDC7A0176FF26336572 /* Pods_planDog_2.framework */; };
		BE07EB121E500F1F001FFD1B /* addOneTotoDo.swift in Sources */ = {isa = PBXBuildFile; fileRef = BE07EB111E500F1F001FFD1B /* addOneTotoDo.swift */; };
		BE07EB141E5042CB001FFD1B /* delegates.swift in Sources */ = {isa = PBXBuildFile; fileRef = BE07EB131E5042CB001FFD1B /* delegates.swift */; };
		BE3795291E57656D007602C9 /* editView.swift in Sources */ = {isa = PBXBuildFile; fileRef = BE3795281E57656D007602C9 /* editView.swift */; };
		BE37952B1E5771AE007602C9 /* editDetailView.swift in Sources */ = {isa = PBXBuildFile; fileRef = BE37952A1E5771AE007602C9 /* editDetailView.swift */; };
		BE37952D1E5779A2007602C9 /* editDateView.swift in Sources */ = {isa = PBXBuildFile; fileRef = BE37952C1E5779A2007602C9 /* editDateView.swift */; };
		BE37952F1E5779FD007602C9 /* editTimeView.swift in Sources */ = {isa = PBXBuildFile; fileRef = BE37952E1E5779FD007602C9 /* editTimeView.swift */; };
		BE4B9B521E5D797F00ACB9AC /* StringExtension.swift in Sources */ = {isa = PBXBuildFile; fileRef = BE4B9B511E5D797F00ACB9AC /* StringExtension.swift */; };
		BE53F7291E4F2A280044E5B1 /* Material.framework in Frameworks */ = {isa = PBXBuildFile; fileRef = BE53F7271E4F2A230044E5B1 /* Material.framework */; };
		BE53F72A1E4F2A280044E5B1 /* Material.framework in Embed Frameworks */ = {isa = PBXBuildFile; fileRef = BE53F7271E4F2A230044E5B1 /* Material.framework */; settings = {ATTRIBUTES = (CodeSignOnCopy, RemoveHeadersOnCopy, ); }; };
		BE5A9BC51E39E28C00A44A1C /* AppDelegate.swift in Sources */ = {isa = PBXBuildFile; fileRef = BE5A9BC41E39E28C00A44A1C /* AppDelegate.swift */; };
		BE5A9BCA1E39E28C00A44A1C /* Main.storyboard in Resources */ = {isa = PBXBuildFile; fileRef = BE5A9BC81E39E28C00A44A1C /* Main.storyboard */; };
		BE5A9BCD1E39E28C00A44A1C /* planDog_2.xcdatamodeld in Sources */ = {isa = PBXBuildFile; fileRef = BE5A9BCB1E39E28C00A44A1C /* planDog_2.xcdatamodeld */; };
		BE5A9BD21E39E28C00A44A1C /* LaunchScreen.storyboard in Resources */ = {isa = PBXBuildFile; fileRef = BE5A9BD01E39E28C00A44A1C /* LaunchScreen.storyboard */; };
		BE5A9BDF1E39E2E800A44A1C /* Tabbar.swift in Sources */ = {isa = PBXBuildFile; fileRef = BE5A9BD91E39E2E800A44A1C /* Tabbar.swift */; };
		BE5A9BE01E39E2E800A44A1C /* todayinHistory.swift in Sources */ = {isa = PBXBuildFile; fileRef = BE5A9BDA1E39E2E800A44A1C /* todayinHistory.swift */; };
		BE5A9BE11E39E2E800A44A1C /* setting.swift in Sources */ = {isa = PBXBuildFile; fileRef = BE5A9BDB1E39E2E800A44A1C /* setting.swift */; };
		BE5A9BE21E39E2E800A44A1C /* countDown.swift in Sources */ = {isa = PBXBuildFile; fileRef = BE5A9BDC1E39E2E800A44A1C /* countDown.swift */; };
		BE5A9BE31E39E2E800A44A1C /* addView.swift in Sources */ = {isa = PBXBuildFile; fileRef = BE5A9BDD1E39E2E800A44A1C /* addView.swift */; };
		BE5A9BE41E39E2E800A44A1C /* homePage.swift in Sources */ = {isa = PBXBuildFile; fileRef = BE5A9BDE1E39E2E800A44A1C /* homePage.swift */; };
		BE5A9C941E3C449D00A44A1C /* detailView.swift in Sources */ = {isa = PBXBuildFile; fileRef = BE5A9C931E3C449D00A44A1C /* detailView.swift */; };
		BE9F39421E5CC20E007699A8 /* CountDownExtension.swift in Sources */ = {isa = PBXBuildFile; fileRef = BE9F39411E5CC20E007699A8 /* CountDownExtension.swift */; };
		BE9F39441E5CCF3B007699A8 /* DateExtension.swift in Sources */ = {isa = PBXBuildFile; fileRef = BE9F39431E5CCF3B007699A8 /* DateExtension.swift */; };
		BED317401E5F3BC9006A8CEC /* GoogleService-Info.plist in Resources */ = {isa = PBXBuildFile; fileRef = BED3173F1E5F3BC9006A8CEC /* GoogleService-Info.plist */; };
		BED460511E50E8C500923FBD /* Assets.xcassets in Resources */ = {isa = PBXBuildFile; fileRef = BED460501E50E8C500923FBD /* Assets.xcassets */; };
		BEEC187F1E560CC300FE008A /* addDetailView.swift in Sources */ = {isa = PBXBuildFile; fileRef = BEEC187E1E560CC300FE008A /* addDetailView.swift */; };
		BEEC18811E560D7100FE008A /* addDateView.swift in Sources */ = {isa = PBXBuildFile; fileRef = BEEC18801E560D7100FE008A /* addDateView.swift */; };
		BEEC18831E561C0800FE008A /* addTimeView.swift in Sources */ = {isa = PBXBuildFile; fileRef = BEEC18821E561C0800FE008A /* addTimeView.swift */; };
		BEEF0D661E4EE90100BE9FAB /* versionViewController.swift in Sources */ = {isa = PBXBuildFile; fileRef = BEEF0D651E4EE90100BE9FAB /* versionViewController.swift */; };
		BEEF0D681E4EEC8B00BE9FAB /* aboutUsViewController.swift in Sources */ = {isa = PBXBuildFile; fileRef = BEEF0D671E4EEC8B00BE9FAB /* aboutUsViewController.swift */; };
		BEF5FB1A1E5BEC4C000A7653 /* ToDoExtension.swift in Sources */ = {isa = PBXBuildFile; fileRef = BEF5FB191E5BEC4C000A7653 /* ToDoExtension.swift */; };
		BEF5FB1C1E5BFFB9000A7653 /* backup.swift in Sources */ = {isa = PBXBuildFile; fileRef = BEF5FB1B1E5BFFB9000A7653 /* backup.swift */; };
/* End PBXBuildFile section */

/* Begin PBXCopyFilesBuildPhase section */
		BE5A9C6E1E3A6F9100A44A1C /* Embed Frameworks */ = {
			isa = PBXCopyFilesBuildPhase;
			buildActionMask = 2147483647;
			dstPath = "";
			dstSubfolderSpec = 10;
			files = (
				BE53F72A1E4F2A280044E5B1 /* Material.framework in Embed Frameworks */,
			);
			name = "Embed Frameworks";
			runOnlyForDeploymentPostprocessing = 0;
		};
/* End PBXCopyFilesBuildPhase section */

/* Begin PBXFileReference section */
		43AACCDC7A0176FF26336572 /* Pods_planDog_2.framework */ = {isa = PBXFileReference; explicitFileType = wrapper.framework; includeInIndex = 0; path = Pods_planDog_2.framework; sourceTree = BUILT_PRODUCTS_DIR; };
		BE07EB111E500F1F001FFD1B /* addOneTotoDo.swift */ = {isa = PBXFileReference; fileEncoding = 4; lastKnownFileType = sourcecode.swift; path = addOneTotoDo.swift; sourceTree = "<group>"; };
		BE07EB131E5042CB001FFD1B /* delegates.swift */ = {isa = PBXFileReference; fileEncoding = 4; lastKnownFileType = sourcecode.swift; path = delegates.swift; sourceTree = "<group>"; };
		BE0BB2771E5F0C6900CE85BD /* iAd.framework */ = {isa = PBXFileReference; lastKnownFileType = wrapper.framework; name = iAd.framework; path = System/Library/Frameworks/iAd.framework; sourceTree = SDKROOT; };
		BE3795281E57656D007602C9 /* editView.swift */ = {isa = PBXFileReference; fileEncoding = 4; lastKnownFileType = sourcecode.swift; path = editView.swift; sourceTree = "<group>"; };
		BE37952A1E5771AE007602C9 /* editDetailView.swift */ = {isa = PBXFileReference; fileEncoding = 4; lastKnownFileType = sourcecode.swift; path = editDetailView.swift; sourceTree = "<group>"; };
		BE37952C1E5779A2007602C9 /* editDateView.swift */ = {isa = PBXFileReference; fileEncoding = 4; lastKnownFileType = sourcecode.swift; path = editDateView.swift; sourceTree = "<group>"; };
		BE37952E1E5779FD007602C9 /* editTimeView.swift */ = {isa = PBXFileReference; fileEncoding = 4; lastKnownFileType = sourcecode.swift; path = editTimeView.swift; sourceTree = "<group>"; };
		BE4B9B511E5D797F00ACB9AC /* StringExtension.swift */ = {isa = PBXFileReference; fileEncoding = 4; lastKnownFileType = sourcecode.swift; path = StringExtension.swift; sourceTree = "<group>"; };
		BE53F7271E4F2A230044E5B1 /* Material.framework */ = {isa = PBXFileReference; lastKnownFileType = wrapper.framework; name = Material.framework; path = Carthage/Build/iOS/Material.framework; sourceTree = "<group>"; };
		BE5A9BC11E39E28C00A44A1C /* planDog_2.app */ = {isa = PBXFileReference; explicitFileType = wrapper.application; includeInIndex = 0; path = planDog_2.app; sourceTree = BUILT_PRODUCTS_DIR; };
		BE5A9BC41E39E28C00A44A1C /* AppDelegate.swift */ = {isa = PBXFileReference; lastKnownFileType = sourcecode.swift; path = AppDelegate.swift; sourceTree = "<group>"; };
		BE5A9BC91E39E28C00A44A1C /* Base */ = {isa = PBXFileReference; lastKnownFileType = file.storyboard; name = Base; path = Base.lproj/Main.storyboard; sourceTree = "<group>"; };
		BE5A9BCC1E39E28C00A44A1C /* planDog_2.xcdatamodel */ = {isa = PBXFileReference; lastKnownFileType = wrapper.xcdatamodel; path = planDog_2.xcdatamodel; sourceTree = "<group>"; };
		BE5A9BD11E39E28C00A44A1C /* Base */ = {isa = PBXFileReference; lastKnownFileType = file.storyboard; name = Base; path = Base.lproj/LaunchScreen.storyboard; sourceTree = "<group>"; };
		BE5A9BD31E39E28C00A44A1C /* Info.plist */ = {isa = PBXFileReference; lastKnownFileType = text.plist.xml; path = Info.plist; sourceTree = "<group>"; };
		BE5A9BD91E39E2E800A44A1C /* Tabbar.swift */ = {isa = PBXFileReference; fileEncoding = 4; lastKnownFileType = sourcecode.swift; path = Tabbar.swift; sourceTree = "<group>"; };
		BE5A9BDA1E39E2E800A44A1C /* todayinHistory.swift */ = {isa = PBXFileReference; fileEncoding = 4; lastKnownFileType = sourcecode.swift; path = todayinHistory.swift; sourceTree = "<group>"; };
		BE5A9BDB1E39E2E800A44A1C /* setting.swift */ = {isa = PBXFileReference; fileEncoding = 4; lastKnownFileType = sourcecode.swift; path = setting.swift; sourceTree = "<group>"; };
		BE5A9BDC1E39E2E800A44A1C /* countDown.swift */ = {isa = PBXFileReference; fileEncoding = 4; lastKnownFileType = sourcecode.swift; path = countDown.swift; sourceTree = "<group>"; };
		BE5A9BDD1E39E2E800A44A1C /* addView.swift */ = {isa = PBXFileReference; fileEncoding = 4; lastKnownFileType = sourcecode.swift; path = addView.swift; sourceTree = "<group>"; };
		BE5A9BDE1E39E2E800A44A1C /* homePage.swift */ = {isa = PBXFileReference; fileEncoding = 4; lastKnownFileType = sourcecode.swift; path = homePage.swift; sourceTree = "<group>"; };
		BE5A9C931E3C449D00A44A1C /* detailView.swift */ = {isa = PBXFileReference; fileEncoding = 4; lastKnownFileType = sourcecode.swift; path = detailView.swift; sourceTree = "<group>"; };
		BE9F39411E5CC20E007699A8 /* CountDownExtension.swift */ = {isa = PBXFileReference; fileEncoding = 4; lastKnownFileType = sourcecode.swift; path = CountDownExtension.swift; sourceTree = "<group>"; };
		BE9F39431E5CCF3B007699A8 /* DateExtension.swift */ = {isa = PBXFileReference; fileEncoding = 4; lastKnownFileType = sourcecode.swift; path = DateExtension.swift; sourceTree = "<group>"; };
		BED3173F1E5F3BC9006A8CEC /* GoogleService-Info.plist */ = {isa = PBXFileReference; fileEncoding = 4; lastKnownFileType = text.plist.xml; name = "GoogleService-Info.plist"; path = "../GoogleService-Info.plist"; sourceTree = "<group>"; };
		BED460501E50E8C500923FBD /* Assets.xcassets */ = {isa = PBXFileReference; lastKnownFileType = folder.assetcatalog; path = Assets.xcassets; sourceTree = "<group>"; };
		BEEC187E1E560CC300FE008A /* addDetailView.swift */ = {isa = PBXFileReference; fileEncoding = 4; lastKnownFileType = sourcecode.swift; path = addDetailView.swift; sourceTree = "<group>"; };
		BEEC18801E560D7100FE008A /* addDateView.swift */ = {isa = PBXFileReference; fileEncoding = 4; lastKnownFileType = sourcecode.swift; path = addDateView.swift; sourceTree = "<group>"; };
		BEEC18821E561C0800FE008A /* addTimeView.swift */ = {isa = PBXFileReference; fileEncoding = 4; lastKnownFileType = sourcecode.swift; path = addTimeView.swift; sourceTree = "<group>"; };
		BEEF0D651E4EE90100BE9FAB /* versionViewController.swift */ = {isa = PBXFileReference; fileEncoding = 4; lastKnownFileType = sourcecode.swift; path = versionViewController.swift; sourceTree = "<group>"; };
		BEEF0D671E4EEC8B00BE9FAB /* aboutUsViewController.swift */ = {isa = PBXFileReference; fileEncoding = 4; lastKnownFileType = sourcecode.swift; path = aboutUsViewController.swift; sourceTree = "<group>"; };
		BEF5FB191E5BEC4C000A7653 /* ToDoExtension.swift */ = {isa = PBXFileReference; fileEncoding = 4; lastKnownFileType = sourcecode.swift; path = ToDoExtension.swift; sourceTree = "<group>"; };
		BEF5FB1B1E5BFFB9000A7653 /* backup.swift */ = {isa = PBXFileReference; fileEncoding = 4; lastKnownFileType = sourcecode.swift; path = backup.swift; sourceTree = "<group>"; };
		E8BAD03BEC7BD1D42E3F370D /* Pods-planDog_2.debug.xcconfig */ = {isa = PBXFileReference; includeInIndex = 1; lastKnownFileType = text.xcconfig; name = "Pods-planDog_2.debug.xcconfig"; path = "Pods/Target Support Files/Pods-planDog_2/Pods-planDog_2.debug.xcconfig"; sourceTree = "<group>"; };
		F0634E6AF1D6658E65118799 /* Pods-planDog_2.release.xcconfig */ = {isa = PBXFileReference; includeInIndex = 1; lastKnownFileType = text.xcconfig; name = "Pods-planDog_2.release.xcconfig"; path = "Pods/Target Support Files/Pods-planDog_2/Pods-planDog_2.release.xcconfig"; sourceTree = "<group>"; };
/* End PBXFileReference section */

/* Begin PBXFrameworksBuildPhase section */
		BE5A9BBE1E39E28C00A44A1C /* Frameworks */ = {
			isa = PBXFrameworksBuildPhase;
			buildActionMask = 2147483647;
			files = (
				BE53F7291E4F2A280044E5B1 /* Material.framework in Frameworks */,
				3084C79AAA836D89379AF9DE /* Pods_planDog_2.framework in Frameworks */,
			);
			runOnlyForDeploymentPostprocessing = 0;
		};
/* End PBXFrameworksBuildPhase section */

/* Begin PBXGroup section */
		7F22FB009651C92B1B8046AB /* Pods */ = {
			isa = PBXGroup;
			children = (
				E8BAD03BEC7BD1D42E3F370D /* Pods-planDog_2.debug.xcconfig */,
				F0634E6AF1D6658E65118799 /* Pods-planDog_2.release.xcconfig */,
			);
			name = Pods;
			sourceTree = "<group>";
		};
		BE53F7261E4F2A230044E5B1 /* Frameworks */ = {
			isa = PBXGroup;
			children = (
				BE0BB2771E5F0C6900CE85BD /* iAd.framework */,
				BE53F7271E4F2A230044E5B1 /* Material.framework */,
				43AACCDC7A0176FF26336572 /* Pods_planDog_2.framework */,
			);
			name = Frameworks;
			sourceTree = "<group>";
		};
		BE53F7311E4F44420044E5B1 /* todoList */ = {
			isa = PBXGroup;
			children = (
				BE5A9BDE1E39E2E800A44A1C /* homePage.swift */,
				BE07EB111E500F1F001FFD1B /* addOneTotoDo.swift */,
			);
			name = todoList;
			sourceTree = "<group>";
		};
		BE5A9BB81E39E28C00A44A1C = {
			isa = PBXGroup;
			children = (
				BE5A9BC31E39E28C00A44A1C /* planDog_2 */,
				BE5A9BC21E39E28C00A44A1C /* Products */,
				BE53F7261E4F2A230044E5B1 /* Frameworks */,
				7F22FB009651C92B1B8046AB /* Pods */,
			);
			sourceTree = "<group>";
		};
		BE5A9BC21E39E28C00A44A1C /* Products */ = {
			isa = PBXGroup;
			children = (
				BE5A9BC11E39E28C00A44A1C /* planDog_2.app */,
			);
			name = Products;
			sourceTree = "<group>";
		};
		BE5A9BC31E39E28C00A44A1C /* planDog_2 */ = {
			isa = PBXGroup;
			children = (
				BE5A9BC41E39E28C00A44A1C /* AppDelegate.swift */,
				BE07EB131E5042CB001FFD1B /* delegates.swift */,
				BEF5FB191E5BEC4C000A7653 /* ToDoExtension.swift */,
				BE9F39411E5CC20E007699A8 /* CountDownExtension.swift */,
				BE9F39431E5CCF3B007699A8 /* DateExtension.swift */,
				BE4B9B511E5D797F00ACB9AC /* StringExtension.swift */,
				BEF5FB1B1E5BFFB9000A7653 /* backup.swift */,
				BEEF0D641E4EE8E400BE9FAB /* setting */,
				BE5A9BE61E3A64FD00A44A1C /* complicateThings */,
				BE5A9BE51E3A64EB00A44A1C /* countDown */,
				BE53F7311E4F44420044E5B1 /* todoList */,
				BE5A9BC81E39E28C00A44A1C /* Main.storyboard */,
				BED460501E50E8C500923FBD /* Assets.xcassets */,
				BE5A9BD01E39E28C00A44A1C /* LaunchScreen.storyboard */,
				BE5A9BD31E39E28C00A44A1C /* Info.plist */,
				BE5A9BCB1E39E28C00A44A1C /* planDog_2.xcdatamodeld */,
				BED3173F1E5F3BC9006A8CEC /* GoogleService-Info.plist */,
			);
			path = planDog_2;
			sourceTree = "<group>";
		};
		BE5A9BE51E3A64EB00A44A1C /* countDown */ = {
			isa = PBXGroup;
			children = (
				BE5A9BDC1E39E2E800A44A1C /* countDown.swift */,
				BE5A9C931E3C449D00A44A1C /* detailView.swift */,
				BE5A9BDD1E39E2E800A44A1C /* addView.swift */,
				BEEC187E1E560CC300FE008A /* addDetailView.swift */,
				BEEC18801E560D7100FE008A /* addDateView.swift */,
				BEEC18821E561C0800FE008A /* addTimeView.swift */,
				BE3795281E57656D007602C9 /* editView.swift */,
				BE37952A1E5771AE007602C9 /* editDetailView.swift */,
				BE37952C1E5779A2007602C9 /* editDateView.swift */,
				BE37952E1E5779FD007602C9 /* editTimeView.swift */,
			);
			name = countDown;
			sourceTree = "<group>";
		};
		BE5A9BE61E3A64FD00A44A1C /* complicateThings */ = {
			isa = PBXGroup;
			children = (
				BE5A9BD91E39E2E800A44A1C /* Tabbar.swift */,
				BE5A9BDA1E39E2E800A44A1C /* todayinHistory.swift */,
			);
			name = complicateThings;
			sourceTree = "<group>";
		};
		BEEF0D641E4EE8E400BE9FAB /* setting */ = {
			isa = PBXGroup;
			children = (
				BE5A9BDB1E39E2E800A44A1C /* setting.swift */,
				BEEF0D651E4EE90100BE9FAB /* versionViewController.swift */,
				BEEF0D671E4EEC8B00BE9FAB /* aboutUsViewController.swift */,
			);
			name = setting;
			sourceTree = "<group>";
		};
/* End PBXGroup section */

/* Begin PBXNativeTarget section */
		BE5A9BC01E39E28C00A44A1C /* planDog_2 */ = {
			isa = PBXNativeTarget;
			buildConfigurationList = BE5A9BD61E39E28C00A44A1C /* Build configuration list for PBXNativeTarget "planDog_2" */;
			buildPhases = (
				D594BAC64BD9A553FD05F538 /* [CP] Check Pods Manifest.lock */,
				BE5A9BBD1E39E28C00A44A1C /* Sources */,
				BE5A9BBE1E39E28C00A44A1C /* Frameworks */,
				BE5A9BBF1E39E28C00A44A1C /* Resources */,
				BE5A9C6E1E3A6F9100A44A1C /* Embed Frameworks */,
				56E311667A5BE3EABCD576E5 /* [CP] Embed Pods Frameworks */,
				F98959FD351729F99944BFBD /* [CP] Copy Pods Resources */,
			);
			buildRules = (
			);
			dependencies = (
			);
			name = planDog_2;
			productName = planDog_2;
			productReference = BE5A9BC11E39E28C00A44A1C /* planDog_2.app */;
			productType = "com.apple.product-type.application";
		};
/* End PBXNativeTarget section */

/* Begin PBXProject section */
		BE5A9BB91E39E28C00A44A1C /* Project object */ = {
			isa = PBXProject;
			attributes = {
				LastSwiftUpdateCheck = 0820;
				LastUpgradeCheck = 0820;
				ORGANIZATIONNAME = "cid aU";
				TargetAttributes = {
					BE5A9BC01E39E28C00A44A1C = {
						CreatedOnToolsVersion = 8.2.1;
						ProvisioningStyle = Manual;
					};
				};
			};
			buildConfigurationList = BE5A9BBC1E39E28C00A44A1C /* Build configuration list for PBXProject "planDog_2" */;
			compatibilityVersion = "Xcode 3.2";
			developmentRegion = English;
			hasScannedForEncodings = 0;
			knownRegions = (
				en,
				Base,
			);
			mainGroup = BE5A9BB81E39E28C00A44A1C;
			productRefGroup = BE5A9BC21E39E28C00A44A1C /* Products */;
			projectDirPath = "";
			projectRoot = "";
			targets = (
				BE5A9BC01E39E28C00A44A1C /* planDog_2 */,
			);
		};
/* End PBXProject section */

/* Begin PBXResourcesBuildPhase section */
		BE5A9BBF1E39E28C00A44A1C /* Resources */ = {
			isa = PBXResourcesBuildPhase;
			buildActionMask = 2147483647;
			files = (
				BE5A9BD21E39E28C00A44A1C /* LaunchScreen.storyboard in Resources */,
				BED317401E5F3BC9006A8CEC /* GoogleService-Info.plist in Resources */,
				BED460511E50E8C500923FBD /* Assets.xcassets in Resources */,
				BE5A9BCA1E39E28C00A44A1C /* Main.storyboard in Resources */,
			);
			runOnlyForDeploymentPostprocessing = 0;
		};
/* End PBXResourcesBuildPhase section */

/* Begin PBXShellScriptBuildPhase section */
		56E311667A5BE3EABCD576E5 /* [CP] Embed Pods Frameworks */ = {
			isa = PBXShellScriptBuildPhase;
			buildActionMask = 2147483647;
			files = (
			);
			inputPaths = (
			);
			name = "[CP] Embed Pods Frameworks";
			outputPaths = (
			);
			runOnlyForDeploymentPostprocessing = 0;
			shellPath = /bin/sh;
			shellScript = "\"${SRCROOT}/Pods/Target Support Files/Pods-planDog_2/Pods-planDog_2-frameworks.sh\"\n";
			showEnvVarsInLog = 0;
		};
		D594BAC64BD9A553FD05F538 /* [CP] Check Pods Manifest.lock */ = {
			isa = PBXShellScriptBuildPhase;
			buildActionMask = 2147483647;
			files = (
			);
			inputPaths = (
			);
			name = "[CP] Check Pods Manifest.lock";
			outputPaths = (
			);
			runOnlyForDeploymentPostprocessing = 0;
			shellPath = /bin/sh;
			shellScript = "diff \"${PODS_ROOT}/../Podfile.lock\" \"${PODS_ROOT}/Manifest.lock\" > /dev/null\nif [ $? != 0 ] ; then\n    # print error to STDERR\n    echo \"error: The sandbox is not in sync with the Podfile.lock. Run 'pod install' or update your CocoaPods installation.\" >&2\n    exit 1\nfi\n";
			showEnvVarsInLog = 0;
		};
		F98959FD351729F99944BFBD /* [CP] Copy Pods Resources */ = {
			isa = PBXShellScriptBuildPhase;
			buildActionMask = 2147483647;
			files = (
			);
			inputPaths = (
			);
			name = "[CP] Copy Pods Resources";
			outputPaths = (
			);
			runOnlyForDeploymentPostprocessing = 0;
			shellPath = /bin/sh;
			shellScript = "\"${SRCROOT}/Pods/Target Support Files/Pods-planDog_2/Pods-planDog_2-resources.sh\"\n";
			showEnvVarsInLog = 0;
		};
/* End PBXShellScriptBuildPhase section */

/* Begin PBXSourcesBuildPhase section */
		BE5A9BBD1E39E28C00A44A1C /* Sources */ = {
			isa = PBXSourcesBuildPhase;
			buildActionMask = 2147483647;
			files = (
				BE5A9BDF1E39E2E800A44A1C /* Tabbar.swift in Sources */,
				BE9F39441E5CCF3B007699A8 /* DateExtension.swift in Sources */,
				BE5A9C941E3C449D00A44A1C /* detailView.swift in Sources */,
				BE07EB121E500F1F001FFD1B /* addOneTotoDo.swift in Sources */,
				BE3795291E57656D007602C9 /* editView.swift in Sources */,
				BE5A9BE11E39E2E800A44A1C /* setting.swift in Sources */,
				BE5A9BE01E39E2E800A44A1C /* todayinHistory.swift in Sources */,
				BE4B9B521E5D797F00ACB9AC /* StringExtension.swift in Sources */,
				BE5A9BE21E39E2E800A44A1C /* countDown.swift in Sources */,
				BE37952D1E5779A2007602C9 /* editDateView.swift in Sources */,
				BE5A9BCD1E39E28C00A44A1C /* planDog_2.xcdatamodeld in Sources */,
				BE37952F1E5779FD007602C9 /* editTimeView.swift in Sources */,
				BE5A9BC51E39E28C00A44A1C /* AppDelegate.swift in Sources */,
				BEF5FB1C1E5BFFB9000A7653 /* backup.swift in Sources */,
				BE37952B1E5771AE007602C9 /* editDetailView.swift in Sources */,
				BE07EB141E5042CB001FFD1B /* delegates.swift in Sources */,
				BE5A9BE31E39E2E800A44A1C /* addView.swift in Sources */,
				BE5A9BE41E39E2E800A44A1C /* homePage.swift in Sources */,
				BEF5FB1A1E5BEC4C000A7653 /* ToDoExtension.swift in Sources */,
				BEEF0D681E4EEC8B00BE9FAB /* aboutUsViewController.swift in Sources */,
				BEEC18831E561C0800FE008A /* addTimeView.swift in Sources */,
				BEEC187F1E560CC300FE008A /* addDetailView.swift in Sources */,
				BEEC18811E560D7100FE008A /* addDateView.swift in Sources */,
				BEEF0D661E4EE90100BE9FAB /* versionViewController.swift in Sources */,
				BE9F39421E5CC20E007699A8 /* CountDownExtension.swift in Sources */,
			);
			runOnlyForDeploymentPostprocessing = 0;
		};
/* End PBXSourcesBuildPhase section */

/* Begin PBXVariantGroup section */
		BE5A9BC81E39E28C00A44A1C /* Main.storyboard */ = {
			isa = PBXVariantGroup;
			children = (
				BE5A9BC91E39E28C00A44A1C /* Base */,
			);
			name = Main.storyboard;
			sourceTree = "<group>";
		};
		BE5A9BD01E39E28C00A44A1C /* LaunchScreen.storyboard */ = {
			isa = PBXVariantGroup;
			children = (
				BE5A9BD11E39E28C00A44A1C /* Base */,
			);
			name = LaunchScreen.storyboard;
			sourceTree = "<group>";
		};
/* End PBXVariantGroup section */

/* Begin XCBuildConfiguration section */
		BE5A9BD41E39E28C00A44A1C /* Debug */ = {
			isa = XCBuildConfiguration;
			buildSettings = {
				ALWAYS_SEARCH_USER_PATHS = NO;
				CLANG_ANALYZER_NONNULL = YES;
				CLANG_CXX_LANGUAGE_STANDARD = "gnu++0x";
				CLANG_CXX_LIBRARY = "libc++";
				CLANG_ENABLE_MODULES = YES;
				CLANG_ENABLE_OBJC_ARC = YES;
				CLANG_WARN_BOOL_CONVERSION = YES;
				CLANG_WARN_CONSTANT_CONVERSION = YES;
				CLANG_WARN_DIRECT_OBJC_ISA_USAGE = YES_ERROR;
				CLANG_WARN_DOCUMENTATION_COMMENTS = YES;
				CLANG_WARN_EMPTY_BODY = YES;
				CLANG_WARN_ENUM_CONVERSION = YES;
				CLANG_WARN_INFINITE_RECURSION = YES;
				CLANG_WARN_INT_CONVERSION = YES;
				CLANG_WARN_OBJC_ROOT_CLASS = YES_ERROR;
				CLANG_WARN_SUSPICIOUS_MOVE = YES;
				CLANG_WARN_UNREACHABLE_CODE = YES;
				CLANG_WARN__DUPLICATE_METHOD_MATCH = YES;
				"CODE_SIGN_IDENTITY[sdk=iphoneos*]" = "iPhone Developer";
				COPY_PHASE_STRIP = NO;
				DEBUG_INFORMATION_FORMAT = dwarf;
				ENABLE_STRICT_OBJC_MSGSEND = YES;
				ENABLE_TESTABILITY = YES;
				GCC_C_LANGUAGE_STANDARD = gnu99;
				GCC_DYNAMIC_NO_PIC = NO;
				GCC_NO_COMMON_BLOCKS = YES;
				GCC_OPTIMIZATION_LEVEL = 0;
				GCC_PREPROCESSOR_DEFINITIONS = (
					"DEBUG=1",
					"$(inherited)",
				);
				GCC_WARN_64_TO_32_BIT_CONVERSION = YES;
				GCC_WARN_ABOUT_RETURN_TYPE = YES_ERROR;
				GCC_WARN_UNDECLARED_SELECTOR = YES;
				GCC_WARN_UNINITIALIZED_AUTOS = YES_AGGRESSIVE;
				GCC_WARN_UNUSED_FUNCTION = YES;
				GCC_WARN_UNUSED_VARIABLE = YES;
				IPHONEOS_DEPLOYMENT_TARGET = 10.2;
				MTL_ENABLE_DEBUG_INFO = YES;
				ONLY_ACTIVE_ARCH = YES;
				SDKROOT = iphoneos;
				SWIFT_ACTIVE_COMPILATION_CONDITIONS = DEBUG;
				SWIFT_OPTIMIZATION_LEVEL = "-Onone";
			};
			name = Debug;
		};
		BE5A9BD51E39E28C00A44A1C /* Release */ = {
			isa = XCBuildConfiguration;
			buildSettings = {
				ALWAYS_SEARCH_USER_PATHS = NO;
				CLANG_ANALYZER_NONNULL = YES;
				CLANG_CXX_LANGUAGE_STANDARD = "gnu++0x";
				CLANG_CXX_LIBRARY = "libc++";
				CLANG_ENABLE_MODULES = YES;
				CLANG_ENABLE_OBJC_ARC = YES;
				CLANG_WARN_BOOL_CONVERSION = YES;
				CLANG_WARN_CONSTANT_CONVERSION = YES;
				CLANG_WARN_DIRECT_OBJC_ISA_USAGE = YES_ERROR;
				CLANG_WARN_DOCUMENTATION_COMMENTS = YES;
				CLANG_WARN_EMPTY_BODY = YES;
				CLANG_WARN_ENUM_CONVERSION = YES;
				CLANG_WARN_INFINITE_RECURSION = YES;
				CLANG_WARN_INT_CONVERSION = YES;
				CLANG_WARN_OBJC_ROOT_CLASS = YES_ERROR;
				CLANG_WARN_SUSPICIOUS_MOVE = YES;
				CLANG_WARN_UNREACHABLE_CODE = YES;
				CLANG_WARN__DUPLICATE_METHOD_MATCH = YES;
				"CODE_SIGN_IDENTITY[sdk=iphoneos*]" = "iPhone Developer";
				COPY_PHASE_STRIP = NO;
				DEBUG_INFORMATION_FORMAT = "dwarf-with-dsym";
				ENABLE_NS_ASSERTIONS = NO;
				ENABLE_STRICT_OBJC_MSGSEND = YES;
				GCC_C_LANGUAGE_STANDARD = gnu99;
				GCC_NO_COMMON_BLOCKS = YES;
				GCC_WARN_64_TO_32_BIT_CONVERSION = YES;
				GCC_WARN_ABOUT_RETURN_TYPE = YES_ERROR;
				GCC_WARN_UNDECLARED_SELECTOR = YES;
				GCC_WARN_UNINITIALIZED_AUTOS = YES_AGGRESSIVE;
				GCC_WARN_UNUSED_FUNCTION = YES;
				GCC_WARN_UNUSED_VARIABLE = YES;
				IPHONEOS_DEPLOYMENT_TARGET = 10.2;
				MTL_ENABLE_DEBUG_INFO = NO;
				SDKROOT = iphoneos;
				SWIFT_OPTIMIZATION_LEVEL = "-Owholemodule";
				VALIDATE_PRODUCT = YES;
			};
			name = Release;
		};
		BE5A9BD71E39E28C00A44A1C /* Debug */ = {
			isa = XCBuildConfiguration;
			baseConfigurationReference = E8BAD03BEC7BD1D42E3F370D /* Pods-planDog_2.debug.xcconfig */;
			buildSettings = {
				ASSETCATALOG_COMPILER_APPICON_NAME = AppIcon;
				DEVELOPMENT_TEAM = "";
				FRAMEWORK_SEARCH_PATHS = (
					"$(inherited)",
					"$(PROJECT_DIR)",
					"$(PROJECT_DIR)/Carthage/Build/iOS",
				);
				INFOPLIST_FILE = planDog_2/Info.plist;
				IPHONEOS_DEPLOYMENT_TARGET = 10.2;
				LD_RUNPATH_SEARCH_PATHS = "$(inherited) @executable_path/Frameworks";
				PRODUCT_BUNDLE_IDENTIFIER = "DLUT.planDog-2";
				PRODUCT_NAME = "$(TARGET_NAME)";
				SWIFT_VERSION = 3.0;
				TARGETED_DEVICE_FAMILY = 1;
			};
			name = Debug;
		};
		BE5A9BD81E39E28C00A44A1C /* Release */ = {
			isa = XCBuildConfiguration;
			baseConfigurationReference = F0634E6AF1D6658E65118799 /* Pods-planDog_2.release.xcconfig */;
			buildSettings = {
				ASSETCATALOG_COMPILER_APPICON_NAME = AppIcon;
				DEVELOPMENT_TEAM = "";
				FRAMEWORK_SEARCH_PATHS = (
					"$(inherited)",
					"$(PROJECT_DIR)",
					"$(PROJECT_DIR)/Carthage/Build/iOS",
				);
				INFOPLIST_FILE = planDog_2/Info.plist;
				IPHONEOS_DEPLOYMENT_TARGET = 10.2;
				LD_RUNPATH_SEARCH_PATHS = "$(inherited) @executable_path/Frameworks";
				PRODUCT_BUNDLE_IDENTIFIER = "DLUT.planDog-2";
				PRODUCT_NAME = "$(TARGET_NAME)";
				SWIFT_VERSION = 3.0;
				TARGETED_DEVICE_FAMILY = 1;
			};
			name = Release;
		};
/* End XCBuildConfiguration section */

/* Begin XCConfigurationList section */
		BE5A9BBC1E39E28C00A44A1C /* Build configuration list for PBXProject "planDog_2" */ = {
			isa = XCConfigurationList;
			buildConfigurations = (
				BE5A9BD41E39E28C00A44A1C /* Debug */,
				BE5A9BD51E39E28C00A44A1C /* Release */,
			);
			defaultConfigurationIsVisible = 0;
			defaultConfigurationName = Release;
		};
		BE5A9BD61E39E28C00A44A1C /* Build configuration list for PBXNativeTarget "planDog_2" */ = {
			isa = XCConfigurationList;
			buildConfigurations = (
				BE5A9BD71E39E28C00A44A1C /* Debug */,
				BE5A9BD81E39E28C00A44A1C /* Release */,
			);
			defaultConfigurationIsVisible = 0;
			defaultConfigurationName = Release;
		};
/* End XCConfigurationList section */

/* Begin XCVersionGroup section */
		BE5A9BCB1E39E28C00A44A1C /* planDog_2.xcdatamodeld */ = {
			isa = XCVersionGroup;
			children = (
				BE5A9BCC1E39E28C00A44A1C /* planDog_2.xcdatamodel */,
			);
			currentVersion = BE5A9BCC1E39E28C00A44A1C /* planDog_2.xcdatamodel */;
			path = planDog_2.xcdatamodeld;
			sourceTree = "<group>";
			versionGroupType = wrapper.xcdatamodel;
		};
/* End XCVersionGroup section */
	};
	rootObject = BE5A9BB91E39E28C00A44A1C /* Project object */;
}
