PODS:
  - Material (2.5.2):
    - Material/Core (= 2.5.2)
  - Material/Core (2.5.2)
  - SwiftyDrop (3.0.3)

DEPENDENCIES:
  - Material
  - SwiftyDrop

SPEC CHECKSUMS:
  Material: 00ae261fa04dd3f3f8584d07e44ac658fa1bc6fd
  SwiftyDrop: 785f95aabc26c4d832576bb78dc4ba7d0594a95b

PODFILE CHECKSUM: 0f10b6bcc364897986996e8341bf5f8c141404c1

COCOAPODS: 1.2.0
